
Microsoft Visual Studio Solution File, Format Version 12.00
Project("{FAE04EC0-301F-11D3-BF4B-00C04F79EFBC}") = "CoyoteApp", "CoyoteApp\CoyoteApp.csproj", "{43E85C7E-B0DD-4B13-8935-9E80C2FD91E8}"
EndProject
Global
	GlobalSection(SolutionConfigurationPlatforms) = preSolution
		Debug|Any CPU = Debug|Any CPU
		Release|Any CPU = Release|Any CPU
	EndGlobalSection
	GlobalSection(ProjectConfigurationPlatforms) = postSolution
		{43E85C7E-B0DD-4B13-8935-9E80C2FD91E8}.Debug|Any CPU.ActiveCfg = Debug|Any CPU
		{43E85C7E-B0DD-4B13-8935-9E80C2FD91E8}.Debug|Any CPU.Build.0 = Debug|Any CPU
		{43E85C7E-B0DD-4B13-8935-9E80C2FD91E8}.Release|Any CPU.ActiveCfg = Release|Any CPU
		{43E85C7E-B0DD-4B13-8935-9E80C2FD91E8}.Release|Any CPU.Build.0 = Release|Any CPU
	EndGlobalSection
EndGlobal
